
Microsoft Visual Studio Solution File, Format Version 12.00
# Visual Studio Version 16
VisualStudioVersion = 16.0.30002.166
MinimumVisualStudioVersion = 10.0.40219.1
Project("{FAE04EC0-301F-11D3-BF4B-00C04F79EFBC}") = "RESTful.API", "RESTful.API\RESTful.API.csproj", "{CA04D045-EC33-44EB-944A-490552342B3B}"
EndProject
Global
	GlobalSection(SolutionConfigurationPlatforms) = preSolution
		Debug|Any CPU = Debug|Any CPU
		Release|Any CPU = Release|Any CPU
	EndGlobalSection
	GlobalSection(ProjectConfigurationPlatforms) = postSolution
		{CA04D045-EC33-44EB-944A-490552342B3B}.Debug|Any CPU.ActiveCfg = Debug|Any CPU
		{CA04D045-EC33-44EB-944A-490552342B3B}.Debug|Any CPU.Build.0 = Debug|Any CPU
		{CA04D045-EC33-44EB-944A-490552342B3B}.Release|Any CPU.ActiveCfg = Release|Any CPU
		{CA04D045-EC33-44EB-944A-490552342B3B}.Release|Any CPU.Build.0 = Release|Any CPU
	EndGlobalSection
	GlobalSection(SolutionProperties) = preSolution
		HideSolutionNode = FALSE
	EndGlobalSection
	GlobalSection(ExtensibilityGlobals) = postSolution
		SolutionGuid = {D6B65940-E817-40D6-8966-AC06DD246334}
	EndGlobalSection
EndGlobal
